
Microsoft Visual Studio Solution File, Format Version 12.00
# Visual Studio 15
VisualStudioVersion = 15.0.28307.757
MinimumVisualStudioVersion = 10.0.40219.1
Project("{9A19103F-16F7-4668-BE54-9A1E7A4F7556}") = "IkKoopMijnEnergieAPI", "IkKoopMijnEnergieAPI\IkKoopMijnEnergieAPI.csproj", "{EDDD91FF-0F5A-4317-AC8A-3BC92D67B7C7}"
EndProject
Global
	GlobalSection(SolutionConfigurationPlatforms) = preSolution
		Debug|Any CPU = Debug|Any CPU
		Release|Any CPU = Release|Any CPU
	EndGlobalSection
	GlobalSection(ProjectConfigurationPlatforms) = postSolution
		{EDDD91FF-0F5A-4317-AC8A-3BC92D67B7C7}.Debug|Any CPU.ActiveCfg = Debug|Any CPU
		{EDDD91FF-0F5A-4317-AC8A-3BC92D67B7C7}.Debug|Any CPU.Build.0 = Debug|Any CPU
		{EDDD91FF-0F5A-4317-AC8A-3BC92D67B7C7}.Release|Any CPU.ActiveCfg = Release|Any CPU
		{EDDD91FF-0F5A-4317-AC8A-3BC92D67B7C7}.Release|Any CPU.Build.0 = Release|Any CPU
	EndGlobalSection
	GlobalSection(SolutionProperties) = preSolution
		HideSolutionNode = FALSE
	EndGlobalSection
	GlobalSection(ExtensibilityGlobals) = postSolution
		SolutionGuid = {91AEB6E2-2E58-4A38-A060-25EC76B35E2E}
	EndGlobalSection
EndGlobal
